	<Project xmlns="http://schemas.microsoft.com/developer/msbuild/2003">
		<PropertyGroup>
			<ProjectGuid>{940ad730-b843-4a48-8eb1-594117a816c0}</ProjectGuid>
			<MainSource>VampyreImagingPackage.XE2.dpk</MainSource>
			<Configuration Condition=" '$(Configuration)' == '' ">Release</Configuration>
			<DCC_DCCCompiler>DCC32</DCC_DCCCompiler>
			<ProjectVersion>13.4</ProjectVersion>
			<Config Condition="'$(Config)'==''">Release</Config>
			<FrameworkType>VCL</FrameworkType>
			<Base>True</Base>
			<Platform Condition="'$(Platform)'==''">Win32</Platform>
			<TargetedPlatforms>1</TargetedPlatforms>
			<AppType>Package</AppType>
		</PropertyGroup>
		<PropertyGroup Condition="'$(Config)'=='Base' or '$(Base)'!=''">
			<Base>true</Base>
		</PropertyGroup>
		<PropertyGroup Condition="('$(Platform)'=='Win32' and '$(Base)'=='true') or '$(Base_Win32)'!=''">
			<Base_Win32>true</Base_Win32>
			<CfgParent>Base</CfgParent>
			<Base>true</Base>
		</PropertyGroup>
		<PropertyGroup Condition="'$(Config)'=='Release' or '$(Cfg_1)'!=''">
			<Cfg_1>true</Cfg_1>
			<CfgParent>Base</CfgParent>
			<Base>true</Base>
		</PropertyGroup>
		<PropertyGroup Condition="('$(Platform)'=='Win32' and '$(Cfg_1)'=='true') or '$(Cfg_1_Win32)'!=''">
			<Cfg_1_Win32>true</Cfg_1_Win32>
			<CfgParent>Cfg_1</CfgParent>
			<Cfg_1>true</Cfg_1>
			<Base>true</Base>
		</PropertyGroup>
		<PropertyGroup Condition="'$(Config)'=='Debug' or '$(Cfg_2)'!=''">
			<Cfg_2>true</Cfg_2>
			<CfgParent>Base</CfgParent>
			<Base>true</Base>
		</PropertyGroup>
		<PropertyGroup Condition="('$(Platform)'=='Win32' and '$(Cfg_2)'=='true') or '$(Cfg_2_Win32)'!=''">
			<Cfg_2_Win32>true</Cfg_2_Win32>
			<CfgParent>Cfg_2</CfgParent>
			<Cfg_2>true</Cfg_2>
			<Base>true</Base>
		</PropertyGroup>
		<PropertyGroup Condition="'$(Base)'!=''">
			<VerInfo_Keys>CompanyName=;FileDescription=;FileVersion=0.78.0.0;InternalName=;LegalCopyright=;LegalTrademarks=;OriginalFilename=;ProductName=;ProductVersion=0.78.0.0;Last Compile=2012-06-01 01:37</VerInfo_Keys>
			<VerInfo_MajorVer>0</VerInfo_MajorVer>
			<DCC_DcuOutput>..\..\Bin\Dcu\$(Platform)\$(Config)</DCC_DcuOutput>
			<DCC_Define>FULL_FEATURE_SET;$(DCC_Define)</DCC_Define>
			<VerInfo_IncludeVerInfo>true</VerInfo_IncludeVerInfo>
			<VerInfo_Locale>1029</VerInfo_Locale>
			<VerInfo_MinorVer>78</VerInfo_MinorVer>
			<DCC_UsePackage>rtl;vcl;$(DCC_UsePackage)</DCC_UsePackage>
			<DCC_Namespace>Vcl;Vcl.Imaging;Vcl.Touch;Vcl.Samples;Vcl.Shell;System;Xml;Data;Datasnap;Web;Soap;Winapi;$(DCC_Namespace)</DCC_Namespace>
			<DCC_SymbolReferenceInfo>0</DCC_SymbolReferenceInfo>
			<DCC_UnitSearchPath>..\..\Source;..\..\Source\JpegLib;..\..\Source\ZLib;..\Extensions;..\Extensions\LibTiff;$(DCC_UnitSearchPath)</DCC_UnitSearchPath>
			<DCC_ResourcePath>..\..\Source;..\..\Source\JpegLib;..\..\Source\ZLib;..\Extensions;$(DCC_ResourcePath)</DCC_ResourcePath>
			<DCC_ObjPath>..\..\Source;..\..\Source\JpegLib;..\..\Source\ZLib;..\Extensions;$(DCC_ObjPath)</DCC_ObjPath>
			<DCC_IncludePath>..\..\Source;..\..\Source\JpegLib;..\..\Source\ZLib;..\Extensions;$(DCC_IncludePath)</DCC_IncludePath>
			<DCC_BplOutput>..\..\Bin</DCC_BplOutput>
			<DCC_ImageBase>07A00000</DCC_ImageBase>
			<DCC_Description>Vampyre Imaging Library Package</DCC_Description>
			<GenPackage>true</GenPackage>
			<DCC_OutputNeverBuildDcps>true</DCC_OutputNeverBuildDcps>
			<GenDll>true</GenDll>
		</PropertyGroup>
		<PropertyGroup Condition="'$(Base_Win32)'!=''">
			<DCC_Namespace>System.Win;Data.Win;Datasnap.Win;Web.Win;Soap.Win;Xml.Win;Bde;$(DCC_Namespace)</DCC_Namespace>
		</PropertyGroup>
		<PropertyGroup Condition="'$(Cfg_1)'!=''">
			<Version>7.0</Version>
		</PropertyGroup>
		<PropertyGroup Condition="'$(Cfg_1_Win32)'!=''">
			<DllVersion>16</DllVersion>
		</PropertyGroup>
		<PropertyGroup Condition="'$(Cfg_2)'!=''">
			<DCC_DebugDCUs>true</DCC_DebugDCUs>
			<Version>7.0</Version>
			<DCC_Optimize>False</DCC_Optimize>
			<DCC_GenerateStackFrames>True</DCC_GenerateStackFrames>
		</PropertyGroup>
		<PropertyGroup Condition="'$(Cfg_2_Win32)'!=''">
			<VerInfo_Locale>1029</VerInfo_Locale>
			<VerInfo_Keys>CompanyName=;FileDescription=;FileVersion=1.0.0.0;InternalName=;LegalCopyright=;LegalTrademarks=;OriginalFilename=;ProductName=;ProductVersion=1.0.0.0;Last Compile=2012-06-01 01:37</VerInfo_Keys>
		</PropertyGroup>
		<ProjectExtensions>
			<Borland.Personality>Delphi.Personality.12</Borland.Personality>
			<Borland.ProjectType>Package</Borland.ProjectType>
			<BorlandProject>
				<Delphi.Personality>
					<Parameters>
						<Parameters Name="UseLauncher">False</Parameters>
						<Parameters Name="LoadAllSymbols">True</Parameters>
						<Parameters Name="LoadUnspecifiedSymbols">False</Parameters>
					</Parameters>
					<Source>
						<Source Name="MainSource">VampyreImagingPackage.XE2.dpk</Source>
					</Source>
					<VersionInfo>
						<VersionInfo Name="IncludeVerInfo">True</VersionInfo>
						<VersionInfo Name="AutoIncBuild">False</VersionInfo>
						<VersionInfo Name="MajorVer">1</VersionInfo>
						<VersionInfo Name="MinorVer">0</VersionInfo>
						<VersionInfo Name="Release">0</VersionInfo>
						<VersionInfo Name="Build">0</VersionInfo>
						<VersionInfo Name="Debug">False</VersionInfo>
						<VersionInfo Name="PreRelease">False</VersionInfo>
						<VersionInfo Name="Special">False</VersionInfo>
						<VersionInfo Name="Private">False</VersionInfo>
						<VersionInfo Name="DLL">False</VersionInfo>
						<VersionInfo Name="Locale">1029</VersionInfo>
						<VersionInfo Name="CodePage">1250</VersionInfo>
					</VersionInfo>
					<VersionInfoKeys>
						<VersionInfoKeys Name="CompanyName"/>
						<VersionInfoKeys Name="FileDescription"/>
						<VersionInfoKeys Name="FileVersion">0.78.0.0</VersionInfoKeys>
						<VersionInfoKeys Name="InternalName"/>
						<VersionInfoKeys Name="LegalCopyright"/>
						<VersionInfoKeys Name="LegalTrademarks"/>
						<VersionInfoKeys Name="OriginalFilename"/>
						<VersionInfoKeys Name="ProductName"/>
						<VersionInfoKeys Name="ProductVersion">0.78.0.0</VersionInfoKeys>
						<VersionInfoKeys Name="Comments"/>
					</VersionInfoKeys>
				</Delphi.Personality>
				<ModelSupport>False</ModelSupport>
				<Platforms>
					<Platform value="Win64">False</Platform>
					<Platform value="Win32">True</Platform>
				</Platforms>
			</BorlandProject>
			<ProjectFileVersion>12</ProjectFileVersion>
		</ProjectExtensions>
		<ItemGroup>
			<DelphiCompile Include="$(MainSource)">
				<MainSource>MainSource</MainSource>
			</DelphiCompile>
			<DCCReference Include="rtl.dcp"/>
			<DCCReference Include="vcl.dcp"/>
			<DCCReference Include="..\..\Source\Imaging.pas"/>
			<DCCReference Include="..\..\Source\ImagingBitmap.pas"/>
			<DCCReference Include="..\..\Source\ImagingCanvases.pas"/>
			<DCCReference Include="..\..\Source\ImagingClasses.pas"/>
			<DCCReference Include="..\..\Source\ImagingComponents.pas"/>
			<DCCReference Include="..\..\Source\ImagingJpeg.pas"/>
			<DCCReference Include="..\..\Source\ImagingNetworkGraphics.pas"/>
			<DCCReference Include="..\..\Source\ImagingTarga.pas"/>
			<DCCReference Include="..\..\Source\ImagingTypes.pas"/>
			<DCCReference Include="..\..\Source\ImagingUtility.pas"/>
			<DCCReference Include="..\..\Source\ImagingIO.pas"/>
			<DCCReference Include="..\..\Source\ImagingFormats.pas"/>
			<DCCReference Include="..\..\Source\ImagingDds.pas"/>
			<DCCReference Include="..\..\Source\ImagingPortableMaps.pas"/>
			<DCCReference Include="..\..\Source\ImagingGif.pas"/>
			<DCCReference Include="..\..\Source\ImagingColors.pas"/>
			<DCCReference Include="..\Extensions\ImagingExtras.pas"/>
			<DCCReference Include="..\..\Source\ZLib\dzlib.pas"/>
			<DCCReference Include="..\..\Source\ZLib\impaszlib.pas"/>
			<DCCReference Include="..\..\Source\ZLib\imadler.pas"/>
			<DCCReference Include="..\..\Source\ZLib\iminfblock.pas"/>
			<DCCReference Include="..\..\Source\ZLib\iminfcodes.pas"/>
			<DCCReference Include="..\..\Source\ZLib\iminffast.pas"/>
			<DCCReference Include="..\..\Source\ZLib\iminftrees.pas"/>
			<DCCReference Include="..\..\Source\ZLib\iminfutil.pas"/>
			<DCCReference Include="..\..\Source\ZLib\imtrees.pas"/>
			<DCCReference Include="..\..\Source\ZLib\imzdeflate.pas"/>
			<DCCReference Include="..\..\Source\ZLib\imzinflate.pas"/>
			<DCCReference Include="..\..\Source\ZLib\imzutil.pas"/>
			<DCCReference Include="..\..\Source\JpegLib\imjcapimin.pas"/>
			<DCCReference Include="..\..\Source\JpegLib\imjcapistd.pas"/>
			<DCCReference Include="..\..\Source\JpegLib\imjccoefct.pas"/>
			<DCCReference Include="..\..\Source\JpegLib\imjccolor.pas"/>
			<DCCReference Include="..\..\Source\JpegLib\imjcdctmgr.pas"/>
			<DCCReference Include="..\..\Source\JpegLib\imjcinit.pas"/>
			<DCCReference Include="..\..\Source\JpegLib\imjcmainct.pas"/>
			<DCCReference Include="..\..\Source\JpegLib\imjcmarker.pas"/>
			<DCCReference Include="..\..\Source\JpegLib\imjcmaster.pas"/>
			<DCCReference Include="..\..\Source\JpegLib\imjcomapi.pas"/>
			<DCCReference Include="..\..\Source\JpegLib\imjcparam.pas"/>
			<DCCReference Include="..\..\Source\JpegLib\imjcphuff.pas"/>
			<DCCReference Include="..\..\Source\JpegLib\imjcprepct.pas"/>
			<DCCReference Include="..\..\Source\JpegLib\imjcsample.pas"/>
			<DCCReference Include="..\..\Source\JpegLib\imjdapimin.pas"/>
			<DCCReference Include="..\..\Source\JpegLib\imjdapistd.pas"/>
			<DCCReference Include="..\..\Source\JpegLib\imjdcoefct.pas"/>
			<DCCReference Include="..\..\Source\JpegLib\imjdcolor.pas"/>
			<DCCReference Include="..\..\Source\JpegLib\imjdct.pas"/>
			<DCCReference Include="..\..\Source\JpegLib\imjddctmgr.pas"/>
			<DCCReference Include="..\..\Source\JpegLib\imjdeferr.pas"/>
			<DCCReference Include="..\..\Source\JpegLib\imjdhuff.pas"/>
			<DCCReference Include="..\..\Source\JpegLib\imjdinput.pas"/>
			<DCCReference Include="..\..\Source\JpegLib\imjdmainct.pas"/>
			<DCCReference Include="..\..\Source\JpegLib\imjdmarker.pas"/>
			<DCCReference Include="..\..\Source\JpegLib\imjdmaster.pas"/>
			<DCCReference Include="..\..\Source\JpegLib\imjdmerge.pas"/>
			<DCCReference Include="..\..\Source\JpegLib\imjdphuff.pas"/>
			<DCCReference Include="..\..\Source\JpegLib\imjdpostct.pas"/>
			<DCCReference Include="..\..\Source\JpegLib\imjdsample.pas"/>
			<DCCReference Include="..\..\Source\JpegLib\imjerror.pas"/>
			<DCCReference Include="..\..\Source\JpegLib\imjfdctflt.pas"/>
			<DCCReference Include="..\..\Source\JpegLib\imjfdctfst.pas"/>
			<DCCReference Include="..\..\Source\JpegLib\imjfdctint.pas"/>
			<DCCReference Include="..\..\Source\JpegLib\imjchuff.pas"/>
			<DCCReference Include="..\..\Source\JpegLib\imjidctasm.pas"/>
			<DCCReference Include="..\..\Source\JpegLib\imjidctflt.pas"/>
			<DCCReference Include="..\..\Source\JpegLib\imjidctfst.pas"/>
			<DCCReference Include="..\..\Source\JpegLib\imjidctint.pas"/>
			<DCCReference Include="..\..\Source\JpegLib\imjidctred.pas"/>
			<DCCReference Include="..\..\Source\JpegLib\imjinclude.pas"/>
			<DCCReference Include="..\..\Source\JpegLib\imjmemmgr.pas"/>
			<DCCReference Include="..\..\Source\JpegLib\imjmemnobs.pas"/>
			<DCCReference Include="..\..\Source\JpegLib\imjmorecfg.pas"/>
			<DCCReference Include="..\..\Source\JpegLib\imjpeglib.pas"/>
			<DCCReference Include="..\..\Source\JpegLib\imjquant1.pas"/>
			<DCCReference Include="..\..\Source\JpegLib\imjquant2.pas"/>
			<DCCReference Include="..\..\Source\JpegLib\imjutils.pas"/>
			<DCCReference Include="..\..\Source\ImagingRadiance.pas"/>
			<BuildConfiguration Include="Debug">
				<Key>Cfg_2</Key>
				<CfgParent>Base</CfgParent>
			</BuildConfiguration>
			<BuildConfiguration Include="Base">
				<Key>Base</Key>
			</BuildConfiguration>
			<BuildConfiguration Include="Release">
				<Key>Cfg_1</Key>
				<CfgParent>Base</CfgParent>
			</BuildConfiguration>
		</ItemGroup>
		<Import Project="$(BDS)\Bin\CodeGear.Delphi.Targets" Condition="Exists('$(BDS)\Bin\CodeGear.Delphi.Targets')"/>
		<Import Project="$(APPDATA)\Embarcadero\$(BDSAPPDATABASEDIR)\$(PRODUCTVERSION)\UserTools.proj" Condition="Exists('$(APPDATA)\Embarcadero\$(BDSAPPDATABASEDIR)\$(PRODUCTVERSION)\UserTools.proj')"/>
	</Project>
