	<Project xmlns="http://schemas.microsoft.com/developer/msbuild/2003">
		<PropertyGroup>
			<ProjectGuid>{a245fc95-7af7-4114-9213-6bc235be06cc}</ProjectGuid>
			<MainSource>ImgBrowser.dpr</MainSource>
			<Configuration Condition=" '$(Configuration)' == '' ">Release</Configuration>
			<Platform Condition=" '$(Platform)' == '' ">AnyCPU</Platform>
			<DCC_DCCCompiler>DCC32</DCC_DCCCompiler>
			<DCC_DependencyCheckOutputName>..\..\Bin\ImgBrowser.exe</DCC_DependencyCheckOutputName>
			<ProjectVersion>12.0</ProjectVersion>
			<Config Condition="'$(Config)'==''">Release</Config>
		</PropertyGroup>
		<PropertyGroup Condition="'$(Config)'=='Base' or '$(Base)'!=''">
			<Base>true</Base>
		</PropertyGroup>
		<PropertyGroup Condition="'$(Config)'=='Release' or '$(Cfg_1)'!=''">
			<Cfg_1>true</Cfg_1>
			<CfgParent>Base</CfgParent>
			<Base>true</Base>
		</PropertyGroup>
		<PropertyGroup Condition="'$(Config)'=='Debug' or '$(Cfg_2)'!=''">
			<Cfg_2>true</Cfg_2>
			<CfgParent>Base</CfgParent>
			<Base>true</Base>
		</PropertyGroup>
		<PropertyGroup Condition="'$(Base)'!=''">
			<DCC_DependencyCheckOutputName>ImgBrowser.exe</DCC_DependencyCheckOutputName>
		</PropertyGroup>
		<PropertyGroup Condition="'$(Cfg_1)'!=''">
			<DCC_DependencyCheckOutputName>..\..\Bin\ImgBrowser.exe</DCC_DependencyCheckOutputName>
			<Version>7.0</Version>
			<DCC_DebugInformation>False</DCC_DebugInformation>
			<DCC_LocalDebugSymbols>False</DCC_LocalDebugSymbols>
			<DCC_SymbolReferenceInfo>0</DCC_SymbolReferenceInfo>
			<DCC_ExeOutput>..\..\Bin</DCC_ExeOutput>
			<DCC_UnitSearchPath>..\..\..\Source;..\..\..\Source\JpegLib;..\..\..\Source\ZLib;..\..\..\Extras\Extensions;$(DCC_UnitSearchPath)</DCC_UnitSearchPath>
			<DCC_ResourcePath>..\..\..\Source;..\..\..\Source\JpegLib;..\..\..\Source\ZLib;..\..\..\Extras\Extensions;$(DCC_ResourcePath)</DCC_ResourcePath>
			<DCC_ObjPath>..\..\..\Source;..\..\..\Source\JpegLib;..\..\..\Source\ZLib;..\..\..\Extras\Extensions;$(DCC_ObjPath)</DCC_ObjPath>
			<DCC_IncludePath>..\..\..\Source;..\..\..\Source\JpegLib;..\..\..\Source\ZLib;..\..\..\Extras\Extensions;$(DCC_IncludePath)</DCC_IncludePath>
			<DCC_Define>RELEASE;$(DCC_Define)</DCC_Define>
		</PropertyGroup>
		<PropertyGroup Condition="'$(Cfg_2)'!=''">
			<DCC_DependencyCheckOutputName>..\..\Bin\ImgBrowser.exe</DCC_DependencyCheckOutputName>
			<Version>7.0</Version>
			<DCC_GenerateStackFrames>True</DCC_GenerateStackFrames>
			<DCC_SymbolReferenceInfo>0</DCC_SymbolReferenceInfo>
			<DCC_ExeOutput>..\..\Bin</DCC_ExeOutput>
			<DCC_UnitSearchPath>..\..\..\Source;..\..\..\Source\JpegLib;..\..\..\Source\ZLib;..\..\..\Extras\Extensions;$(DCC_UnitSearchPath)</DCC_UnitSearchPath>
			<DCC_ResourcePath>..\..\..\Source;..\..\..\Source\JpegLib;..\..\..\Source\ZLib;..\..\..\Extras\Extensions;$(DCC_ResourcePath)</DCC_ResourcePath>
			<DCC_ObjPath>..\..\..\Source;..\..\..\Source\JpegLib;..\..\..\Source\ZLib;..\..\..\Extras\Extensions;$(DCC_ObjPath)</DCC_ObjPath>
			<DCC_IncludePath>..\..\..\Source;..\..\..\Source\JpegLib;..\..\..\Source\ZLib;..\..\..\Extras\Extensions;$(DCC_IncludePath)</DCC_IncludePath>
			<DCC_Define>DEBUG;$(DCC_Define)</DCC_Define>
			<DCC_Optimize>False</DCC_Optimize>
			<DCC_IntegerOverflowCheck>True</DCC_IntegerOverflowCheck>
			<DCC_RangeChecking>True</DCC_RangeChecking>
		</PropertyGroup>
		<ItemGroup>
			<DelphiCompile Include="ImgBrowser.dpr">
				<MainSource>MainSource</MainSource>
			</DelphiCompile>
			<BuildConfiguration Include="Base">
				<Key>Base</Key>
			</BuildConfiguration>
			<BuildConfiguration Include="Debug">
				<Key>Cfg_2</Key>
				<CfgParent>Base</CfgParent>
			</BuildConfiguration>
			<BuildConfiguration Include="Release">
				<Key>Cfg_1</Key>
				<CfgParent>Base</CfgParent>
			</BuildConfiguration>
		</ItemGroup>
		<Import Project="$(BDS)\Bin\CodeGear.Delphi.Targets" Condition="Exists('$(BDS)\Bin\CodeGear.Delphi.Targets')"/>
		<ProjectExtensions>
			<Borland.Personality>Delphi.Personality.12</Borland.Personality>
			<Borland.ProjectType/>
			<BorlandProject>
				<Delphi.Personality>
					<Parameters>
						<Parameters Name="UseLauncher">False</Parameters>
						<Parameters Name="LoadAllSymbols">True</Parameters>
						<Parameters Name="LoadUnspecifiedSymbols">False</Parameters>
					</Parameters>
					<VersionInfo>
						<VersionInfo Name="IncludeVerInfo">False</VersionInfo>
						<VersionInfo Name="AutoIncBuild">False</VersionInfo>
						<VersionInfo Name="MajorVer">1</VersionInfo>
						<VersionInfo Name="MinorVer">0</VersionInfo>
						<VersionInfo Name="Release">0</VersionInfo>
						<VersionInfo Name="Build">0</VersionInfo>
						<VersionInfo Name="Debug">False</VersionInfo>
						<VersionInfo Name="PreRelease">False</VersionInfo>
						<VersionInfo Name="Special">False</VersionInfo>
						<VersionInfo Name="Private">False</VersionInfo>
						<VersionInfo Name="DLL">False</VersionInfo>
						<VersionInfo Name="Locale">1029</VersionInfo>
						<VersionInfo Name="CodePage">1250</VersionInfo>
					</VersionInfo>
					<VersionInfoKeys>
						<VersionInfoKeys Name="FileVersion">1.0.0.0</VersionInfoKeys>
						<VersionInfoKeys Name="ProductVersion">1.0.0.0</VersionInfoKeys>
						<VersionInfoKeys Name="CompanyName"/>
						<VersionInfoKeys Name="FileDescription"/>
						<VersionInfoKeys Name="InternalName"/>
						<VersionInfoKeys Name="LegalCopyright"/>
						<VersionInfoKeys Name="LegalTrademarks"/>
						<VersionInfoKeys Name="OriginalFilename"/>
						<VersionInfoKeys Name="ProductName"/>
					</VersionInfoKeys>
					<Source>
						<Source Name="MainSource">ImgBrowser.dpr</Source>
					</Source>
					<Excluded_Packages>
						<Excluded_Packages Name="$(BDS)\bAn\dclsmp100.bpl">File c:\program files\codegear\rad studio\5.0\bAn\dclsmp100.bpl not found</Excluded_Packages>
						<Excluded_Packages Name="C:\Program Files\Raize\CS4\Bin\VCL\CodeSiteLoggingVcl_Design100.bpl">File C:\Program Files\Raize\CS4\Bin\VCL\CodeSiteLoggingVcl_Design100.bpl not found</Excluded_Packages>
						<Excluded_Packages Name="C:\Program Files\Raize\CS4\Bin\VCL\CodeSiteDBToolsVcl_Design105.bpl">File C:\Program Files\Raize\CS4\Bin\VCL\CodeSiteDBToolsVcl_Design105.bpl not found</Excluded_Packages>
						<Excluded_Packages Name="$(BDS)\bin\bcboffice2k100.bpl">CodeGear C++Builder Office 2000 Servers Package</Excluded_Packages>
						<Excluded_Packages Name="$(BDS)\bin\bcbofficexp100.bpl">CodeGear C++Builder Office XP Servers Package</Excluded_Packages>
						<Excluded_Packages Name="$(BDS)\bin\dcloffice2k100.bpl">Microsoft Office 2000 Sample Automation Server Wrapper Components</Excluded_Packages>
						<Excluded_Packages Name="$(BDS)\bin\dclofficexp100.bpl">Microsoft Office XP Sample Automation Server Wrapper Components</Excluded_Packages>
					</Excluded_Packages>
				</Delphi.Personality>
			</BorlandProject>
			<ProjectFileVersion>12</ProjectFileVersion>
		</ProjectExtensions>
	</Project>
