	<Project xmlns="http://schemas.microsoft.com/developer/msbuild/2003">
		<PropertyGroup>
			<ProjectGuid>{a245fc95-7af7-4114-9213-6bc235be06cc}</ProjectGuid>
			<MainSource>ImgBrowser.dpr</MainSource>
			<Configuration Condition=" '$(Configuration)' == '' ">Release</Configuration>
			<DCC_DCCCompiler>DCC32</DCC_DCCCompiler>
			<DCC_DependencyCheckOutputName>..\..\Bin\ImgBrowser.exe</DCC_DependencyCheckOutputName>
			<ProjectVersion>13.4</ProjectVersion>
			<Config Condition="'$(Config)'==''">Debug</Config>
			<FrameworkType>VCL</FrameworkType>
			<Base>True</Base>
			<Platform Condition="'$(Platform)'==''">Win32</Platform>
			<TargetedPlatforms>3</TargetedPlatforms>
			<AppType>Application</AppType>
		</PropertyGroup>
		<PropertyGroup Condition="'$(Config)'=='Base' or '$(Base)'!=''">
			<Base>true</Base>
		</PropertyGroup>
		<PropertyGroup Condition="('$(Platform)'=='Win64' and '$(Base)'=='true') or '$(Base_Win64)'!=''">
			<Base_Win64>true</Base_Win64>
			<CfgParent>Base</CfgParent>
			<Base>true</Base>
		</PropertyGroup>
		<PropertyGroup Condition="('$(Platform)'=='Win32' and '$(Base)'=='true') or '$(Base_Win32)'!=''">
			<Base_Win32>true</Base_Win32>
			<CfgParent>Base</CfgParent>
			<Base>true</Base>
		</PropertyGroup>
		<PropertyGroup Condition="'$(Config)'=='Release' or '$(Cfg_1)'!=''">
			<Cfg_1>true</Cfg_1>
			<CfgParent>Base</CfgParent>
			<Base>true</Base>
		</PropertyGroup>
		<PropertyGroup Condition="'$(Config)'=='Debug' or '$(Cfg_2)'!=''">
			<Cfg_2>true</Cfg_2>
			<CfgParent>Base</CfgParent>
			<Base>true</Base>
		</PropertyGroup>
		<PropertyGroup Condition="('$(Platform)'=='Win64' and '$(Cfg_2)'=='true') or '$(Cfg_2_Win64)'!=''">
			<Cfg_2_Win64>true</Cfg_2_Win64>
			<CfgParent>Cfg_2</CfgParent>
			<Cfg_2>true</Cfg_2>
			<Base>true</Base>
		</PropertyGroup>
		<PropertyGroup Condition="('$(Platform)'=='Win32' and '$(Cfg_2)'=='true') or '$(Cfg_2_Win32)'!=''">
			<Cfg_2_Win32>true</Cfg_2_Win32>
			<CfgParent>Cfg_2</CfgParent>
			<Cfg_2>true</Cfg_2>
			<Base>true</Base>
		</PropertyGroup>
		<PropertyGroup Condition="'$(Base)'!=''">
			<VerInfo_Keys>CompanyName=;FileDescription=;FileVersion=1.0.0.0;InternalName=;LegalCopyright=;LegalTrademarks=;OriginalFilename=;ProductName=;ProductVersion=1.0.0.0</VerInfo_Keys>
			<VerInfo_Locale>1029</VerInfo_Locale>
			<Manifest_File>$(BDS)\bin\default_app.manifest</Manifest_File>
			<Icon_MainIcon>..\..\Data\Imaging.ico</Icon_MainIcon>
			<DCC_Namespace>Vcl;Vcl.Imaging;Vcl.Touch;Vcl.Samples;Vcl.Shell;System;Xml;Data;Datasnap;Web;Soap;$(DCC_Namespace)</DCC_Namespace>
			<DCC_Define>FULL_FEATURE_SET;$(DCC_Define)</DCC_Define>
			<DCC_ExeOutput>..\..\Bin\</DCC_ExeOutput>
			<DCC_UnitSearchPath>..\..\..\Source;..\..\..\Source\JpegLib;..\..\..\Source\ZLib;..\..\..\Extras\Extensions;..\..\..\Extras\Extensions\LibTiff;$(DCC_UnitSearchPath)</DCC_UnitSearchPath>
			<DCC_DependencyCheckOutputName>..\..\Bin\ImgBrowser.exe</DCC_DependencyCheckOutputName>
		</PropertyGroup>
		<PropertyGroup Condition="'$(Base_Win64)'!=''">
			<DCC_Namespace>Winapi;System.Win;Data.Win;Datasnap.Win;Web.Win;Soap.Win;Xml.Win;$(DCC_Namespace)</DCC_Namespace>
		</PropertyGroup>
		<PropertyGroup Condition="'$(Base_Win32)'!=''">
			<DCC_Namespace>Winapi;System.Win;Data.Win;Datasnap.Win;Web.Win;Soap.Win;Xml.Win;Bde;$(DCC_Namespace)</DCC_Namespace>
		</PropertyGroup>
		<PropertyGroup Condition="'$(Cfg_1)'!=''">
			<Version>7.0</Version>
			<DCC_DebugInformation>False</DCC_DebugInformation>
			<DCC_LocalDebugSymbols>False</DCC_LocalDebugSymbols>
			<DCC_SymbolReferenceInfo>0</DCC_SymbolReferenceInfo>
			<DCC_ResourcePath>..\..\..\Source;..\..\..\Source\JpegLib;..\..\..\Source\ZLib;..\..\..\Extras\Extensions;$(DCC_ResourcePath)</DCC_ResourcePath>
			<DCC_ObjPath>..\..\..\Source;..\..\..\Source\JpegLib;..\..\..\Source\ZLib;..\..\..\Extras\Extensions;$(DCC_ObjPath)</DCC_ObjPath>
			<DCC_IncludePath>..\..\..\Source;..\..\..\Source\JpegLib;..\..\..\Source\ZLib;..\..\..\Extras\Extensions;$(DCC_IncludePath)</DCC_IncludePath>
			<DCC_Define>RELEASE;$(DCC_Define)</DCC_Define>
		</PropertyGroup>
		<PropertyGroup Condition="'$(Cfg_2)'!=''">
			<Version>7.0</Version>
			<DCC_GenerateStackFrames>True</DCC_GenerateStackFrames>
			<DCC_ResourcePath>..\..\..\Source;..\..\..\Source\JpegLib;..\..\..\Source\ZLib;..\..\..\Extras\Extensions;$(DCC_ResourcePath)</DCC_ResourcePath>
			<DCC_ObjPath>..\..\..\Source;..\..\..\Source\JpegLib;..\..\..\Source\ZLib;..\..\..\Extras\Extensions;$(DCC_ObjPath)</DCC_ObjPath>
			<DCC_IncludePath>..\..\..\Source;..\..\..\Source\JpegLib;..\..\..\Source\ZLib;..\..\..\Extras\Extensions;$(DCC_IncludePath)</DCC_IncludePath>
			<DCC_Define>DEBUG;$(DCC_Define)</DCC_Define>
			<DCC_Optimize>False</DCC_Optimize>
			<DCC_IntegerOverflowCheck>True</DCC_IntegerOverflowCheck>
			<DCC_RangeChecking>True</DCC_RangeChecking>
		</PropertyGroup>
		<PropertyGroup Condition="'$(Cfg_2_Win64)'!=''">
			<DCC_RemoteDebug>true</DCC_RemoteDebug>
		</PropertyGroup>
		<PropertyGroup Condition="'$(Cfg_2_Win32)'!=''">
			<VerInfo_Keys>CompanyName=;FileDescription=;FileVersion=1.0.0.0;InternalName=;LegalCopyright=;LegalTrademarks=;OriginalFilename=;ProductName=;ProductVersion=1.0.0.0</VerInfo_Keys>
			<VerInfo_Locale>1029</VerInfo_Locale>
		</PropertyGroup>
		<ItemGroup>
			<DelphiCompile Include="$(MainSource)">
				<MainSource>MainSource</MainSource>
			</DelphiCompile>
			<BuildConfiguration Include="Debug">
				<Key>Cfg_2</Key>
				<CfgParent>Base</CfgParent>
			</BuildConfiguration>
			<BuildConfiguration Include="Base">
				<Key>Base</Key>
			</BuildConfiguration>
			<BuildConfiguration Include="Release">
				<Key>Cfg_1</Key>
				<CfgParent>Base</CfgParent>
			</BuildConfiguration>
		</ItemGroup>
		<Import Condition="Exists('$(BDS)\Bin\CodeGear.Delphi.Targets')" Project="$(BDS)\Bin\CodeGear.Delphi.Targets"/>
		<ProjectExtensions>
			<Borland.Personality>Delphi.Personality.12</Borland.Personality>
			<Borland.ProjectType/>
			<BorlandProject>
				<Delphi.Personality>
					<Parameters>
						<Parameters Name="UseLauncher">False</Parameters>
						<Parameters Name="LoadAllSymbols">True</Parameters>
						<Parameters Name="LoadUnspecifiedSymbols">False</Parameters>
					</Parameters>
					<VersionInfo>
						<VersionInfo Name="IncludeVerInfo">False</VersionInfo>
						<VersionInfo Name="AutoIncBuild">False</VersionInfo>
						<VersionInfo Name="MajorVer">1</VersionInfo>
						<VersionInfo Name="MinorVer">0</VersionInfo>
						<VersionInfo Name="Release">0</VersionInfo>
						<VersionInfo Name="Build">0</VersionInfo>
						<VersionInfo Name="Debug">False</VersionInfo>
						<VersionInfo Name="PreRelease">False</VersionInfo>
						<VersionInfo Name="Special">False</VersionInfo>
						<VersionInfo Name="Private">False</VersionInfo>
						<VersionInfo Name="DLL">False</VersionInfo>
						<VersionInfo Name="Locale">1029</VersionInfo>
						<VersionInfo Name="CodePage">1250</VersionInfo>
					</VersionInfo>
					<VersionInfoKeys>
						<VersionInfoKeys Name="FileVersion">1.0.0.0</VersionInfoKeys>
						<VersionInfoKeys Name="ProductVersion">1.0.0.0</VersionInfoKeys>
						<VersionInfoKeys Name="CompanyName"/>
						<VersionInfoKeys Name="FileDescription"/>
						<VersionInfoKeys Name="InternalName"/>
						<VersionInfoKeys Name="LegalCopyright"/>
						<VersionInfoKeys Name="LegalTrademarks"/>
						<VersionInfoKeys Name="OriginalFilename"/>
						<VersionInfoKeys Name="ProductName"/>
					</VersionInfoKeys>
					<Source>
						<Source Name="MainSource">ImgBrowser.dpr</Source>
					</Source>
				</Delphi.Personality>
				<ModelSupport>False</ModelSupport>
				<Platforms>
					<Platform value="Win64">True</Platform>
					<Platform value="Win32">True</Platform>
				</Platforms>
				<Deployment>
					<DeployFile Class="DebugSymbols" Configuration="Debug" LocalName="..\..\Bin\ImgBrowser.rsm">
						<Platform Name="Win64">
							<RemoteName>ImgBrowser.rsm</RemoteName>
						</Platform>
					</DeployFile>
					<DeployFile Class="ProjectOutput" Configuration="Debug" LocalName="..\..\Bin\ImgBrowser.exe">
						<Platform Name="Win64"/>
					</DeployFile>
					<DeployClass Name="ProjectOutput" Required="true">
						<Platform Name="OSX32">
							<RemoteDir>Contents\MacOS</RemoteDir>
							<Operation>1</Operation>
						</Platform>
						<Platform Name="Win32">
							<Operation>0</Operation>
						</Platform>
					</DeployClass>
					<DeployClass Name="DependencyPackage" Required="true">
						<Platform Name="OSX32">
							<RemoteDir>Contents\MacOS</RemoteDir>
							<Operation>1</Operation>
							<Extensions>.dylib</Extensions>
						</Platform>
						<Platform Name="Win32">
							<Operation>0</Operation>
							<Extensions>.bpl</Extensions>
						</Platform>
					</DeployClass>
					<DeployClass Name="DependencyModule">
						<Platform Name="OSX32">
							<RemoteDir>Contents\MacOS</RemoteDir>
							<Operation>1</Operation>
							<Extensions>.dylib</Extensions>
						</Platform>
						<Platform Name="Win32">
							<Operation>0</Operation>
							<Extensions>.dll;.bpl</Extensions>
						</Platform>
					</DeployClass>
					<DeployClass Name="ProjectOSXInfoPList">
						<Platform Name="OSX32">
							<RemoteDir>Contents</RemoteDir>
							<Operation>1</Operation>
						</Platform>
					</DeployClass>
					<DeployClass Name="File">
						<Platform Name="OSX32">
							<RemoteDir>Contents\MacOS</RemoteDir>
							<Operation>0</Operation>
						</Platform>
						<Platform Name="Win32">
							<Operation>0</Operation>
						</Platform>
					</DeployClass>
					<DeployClass Name="DebugSymbols">
						<Platform Name="OSX32">
							<RemoteDir>Contents\MacOS</RemoteDir>
							<Operation>1</Operation>
						</Platform>
						<Platform Name="Win32">
							<Operation>0</Operation>
						</Platform>
					</DeployClass>
					<DeployClass Name="DependencyFramework">
						<Platform Name="OSX32">
							<RemoteDir>Contents\MacOS</RemoteDir>
							<Operation>1</Operation>
							<Extensions>.framework</Extensions>
						</Platform>
						<Platform Name="Win32">
							<Operation>0</Operation>
						</Platform>
					</DeployClass>
					<DeployClass Name="AdditionalDebugSymbols">
						<Platform Name="OSX32">
							<RemoteDir>Contents\MacOS</RemoteDir>
							<Operation>1</Operation>
						</Platform>
						<Platform Name="Win32">
							<Operation>0</Operation>
						</Platform>
					</DeployClass>
					<DeployClass Name="ProjectOSXResource">
						<Platform Name="OSX32">
							<RemoteDir>Contents\Resources</RemoteDir>
							<Operation>1</Operation>
						</Platform>
					</DeployClass>
					<ProjectRoot Name="$(PROJECTNAME)" Platform="Win32"/>
					<ProjectRoot Name="$(PROJECTNAME).app" Platform="OSX32"/>
					<ProjectRoot Name="$(PROJECTNAME)" Platform="Win64"/>
				</Deployment>
			</BorlandProject>
			<ProjectFileVersion>12</ProjectFileVersion>
		</ProjectExtensions>
		<Import Condition="Exists('$(APPDATA)\Embarcadero\$(BDSAPPDATABASEDIR)\$(PRODUCTVERSION)\UserTools.proj')" Project="$(APPDATA)\Embarcadero\$(BDSAPPDATABASEDIR)\$(PRODUCTVERSION)\UserTools.proj"/>
		<Import Condition="Exists('$(MSBuildProjectName).deployproj')" Project="$(MSBuildProjectName).deployproj"/>
	</Project>
