<Project xmlns="http://schemas.microsoft.com/developer/msbuild/2003">
  <PropertyGroup>
    <ProjectGuid>{a245fc95-7af7-4114-9213-6bc235be06cc}</ProjectGuid>
    <MainSource>ImgBrowser.dpr</MainSource>
    <Configuration Condition=" '$(Configuration)' == '' ">Release</Configuration>
    <Platform Condition=" '$(Platform)' == '' ">AnyCPU</Platform>
    <DCC_DCCCompiler>DCC32</DCC_DCCCompiler>
    <DCC_DependencyCheckOutputName>..\..\Bin\ImgBrowser.exe</DCC_DependencyCheckOutputName>
  </PropertyGroup>
  <PropertyGroup Condition=" '$(Configuration)|$(Platform)' == 'Release|AnyCPU' ">
    <Version>7.0</Version>
    <DCC_DebugInformation>False</DCC_DebugInformation>
    <DCC_LocalDebugSymbols>False</DCC_LocalDebugSymbols>
    <DCC_SymbolReferenceInfo>0</DCC_SymbolReferenceInfo>
    <DCC_ExeOutput>..\..\Bin</DCC_ExeOutput>
    <DCC_UnitSearchPath>..\..\..\Source;..\..\..\Source\JpegLib;..\..\..\Source\ZLib;..\..\..\Extras\Extensions;..\..\..\Extras\Extensions\LibTiff</DCC_UnitSearchPath>
    <DCC_ResourcePath>..\..\..\Source;..\..\..\Source\JpegLib;..\..\..\Source\ZLib;..\..\..\Extras\Extensions;..\..\..\Extras\Extensions\LibTiff</DCC_ResourcePath>
    <DCC_ObjPath>..\..\..\Source;..\..\..\Source\JpegLib;..\..\..\Source\ZLib;..\..\..\Extras\Extensions;..\..\..\Extras\Extensions\LibTiff</DCC_ObjPath>
    <DCC_IncludePath>..\..\..\Source;..\..\..\Source\JpegLib;..\..\..\Source\ZLib;..\..\..\Extras\Extensions;..\..\..\Extras\Extensions\LibTiff</DCC_IncludePath>
    <DCC_Define>RELEASE;FULL_FEATURE_SET</DCC_Define>
  </PropertyGroup>
  <PropertyGroup Condition=" '$(Configuration)|$(Platform)' == 'Debug|AnyCPU' ">
    <Version>7.0</Version>
    <DCC_GenerateStackFrames>True</DCC_GenerateStackFrames>
    <DCC_SymbolReferenceInfo>0</DCC_SymbolReferenceInfo>
    <DCC_ExeOutput>..\..\Bin</DCC_ExeOutput>
    <DCC_UnitSearchPath>..\..\..\Source;..\..\..\Source\JpegLib;..\..\..\Source\ZLib;..\..\..\Extras\Extensions</DCC_UnitSearchPath>
    <DCC_ResourcePath>..\..\..\Source;..\..\..\Source\JpegLib;..\..\..\Source\ZLib;..\..\..\Extras\Extensions</DCC_ResourcePath>
    <DCC_ObjPath>..\..\..\Source;..\..\..\Source\JpegLib;..\..\..\Source\ZLib;..\..\..\Extras\Extensions</DCC_ObjPath>
    <DCC_IncludePath>..\..\..\Source;..\..\..\Source\JpegLib;..\..\..\Source\ZLib;..\..\..\Extras\Extensions</DCC_IncludePath>
    <DCC_Define>DEBUG</DCC_Define>
    <DCC_Optimize>False</DCC_Optimize>
    <DCC_IntegerOverflowCheck>True</DCC_IntegerOverflowCheck>
    <DCC_RangeChecking>True</DCC_RangeChecking>
  </PropertyGroup>
  <ProjectExtensions>
    <Borland.Personality>Delphi.Personality</Borland.Personality>
    <Borland.ProjectType />
    <BorlandProject>
<BorlandProject><Delphi.Personality><Parameters><Parameters Name="UseLauncher">False</Parameters><Parameters Name="LoadAllSymbols">True</Parameters><Parameters Name="LoadUnspecifiedSymbols">False</Parameters></Parameters><VersionInfo><VersionInfo Name="IncludeVerInfo">False</VersionInfo><VersionInfo Name="AutoIncBuild">False</VersionInfo><VersionInfo Name="MajorVer">1</VersionInfo><VersionInfo Name="MinorVer">0</VersionInfo><VersionInfo Name="Release">0</VersionInfo><VersionInfo Name="Build">0</VersionInfo><VersionInfo Name="Debug">False</VersionInfo><VersionInfo Name="PreRelease">False</VersionInfo><VersionInfo Name="Special">False</VersionInfo><VersionInfo Name="Private">False</VersionInfo><VersionInfo Name="DLL">False</VersionInfo><VersionInfo Name="Locale">1029</VersionInfo><VersionInfo Name="CodePage">1250</VersionInfo></VersionInfo><VersionInfoKeys><VersionInfoKeys Name="FileVersion">1.0.0.0</VersionInfoKeys><VersionInfoKeys Name="ProductVersion">1.0.0.0</VersionInfoKeys><VersionInfoKeys Name="CompanyName"></VersionInfoKeys><VersionInfoKeys Name="FileDescription"></VersionInfoKeys><VersionInfoKeys Name="InternalName"></VersionInfoKeys><VersionInfoKeys Name="LegalCopyright"></VersionInfoKeys><VersionInfoKeys Name="LegalTrademarks"></VersionInfoKeys><VersionInfoKeys Name="OriginalFilename"></VersionInfoKeys><VersionInfoKeys Name="ProductName"></VersionInfoKeys></VersionInfoKeys><Source><Source Name="MainSource">ImgBrowser.dpr</Source></Source>  <Excluded_Packages>
      
      
      
      <Excluded_Packages Name="D:\Projects\Libs\Imaging\Bin\VampyreImagingPackageCRS.bpl">File D:\Projects\Libs\Imaging\Bin\VampyreImagingPackageCRS.bpl not found</Excluded_Packages>
    </Excluded_Packages>
  </Delphi.Personality></BorlandProject></BorlandProject>
  </ProjectExtensions>
  <Import Project="$(MSBuildBinPath)\Borland.Delphi.Targets" />
  <ItemGroup>
    <DelphiCompile Include="ImgBrowser.dpr">
      <MainSource>MainSource</MainSource>
    </DelphiCompile>
    <DCCReference Include="Main.pas" />
  </ItemGroup>
</Project>