<?xml version="1.0" encoding="UTF-8"?>
<CONFIG>
  <ProjectOptions>
    <Version Value="12"/>
    <PathDelim Value="\"/>
    <General>
      <Flags>
        <CompatibilityMode Value="True"/>
      </Flags>
      <SessionStorage Value="InProjectDir"/>
      <Title Value="LCL Imager"/>
      <Scaled Value="True"/>
      <ResourceType Value="res"/>
      <UseXPManifest Value="True"/>
      <XPManifest>
        <DpiAware Value="True"/>
        <TextDesc Value="LCL Imager Demo"/>
      </XPManifest>
      <Icon Value="0"/>
    </General>
    <BuildModes Count="2">
      <Item1 Name="Debug" Default="True"/>
      <Item2 Name="Release">
        <CompilerOptions>
          <Version Value="11"/>
          <PathDelim Value="\"/>
          <Target>
            <Filename Value="..\..\Bin\LCLImager"/>
          </Target>
          <SearchPaths>
            <IncludeFiles Value="..\..\..\Source;$(ProjOutDir)"/>
            <Libraries Value="..\..\..\Extensions\J2KObjects;..\..\..\Extensions\LibTiff\Compiled"/>
            <OtherUnitFiles Value="..\..\..\Source;..\..\..\Source\ZLib;..\..\..\Source\JpegLib;..\..\..\Extensions;..\..\..\Extensions\LibTiff;..\Common"/>
            <UnitOutputDirectory Value="..\..\Bin\Dcu\$(TargetCPU)-$(TargetOS)\$NameOnly($(ProjFile))\$(BuildMode)"/>
          </SearchPaths>
          <CodeGeneration>
            <SmartLinkUnit Value="True"/>
            <Optimizations>
              <OptimizationLevel Value="3"/>
            </Optimizations>
          </CodeGeneration>
          <Linking>
            <Debugging>
              <GenerateDebugInfo Value="False"/>
              <StripSymbols Value="True"/>
            </Debugging>
            <LinkSmart Value="True"/>
            <Options>
              <Win32>
                <GraphicApplication Value="True"/>
              </Win32>
            </Options>
          </Linking>
        </CompilerOptions>
      </Item2>
      <SharedMatrixOptions Count="2">
        <Item1 ID="149315369584" Modes="Debug,Release" Value="-dFULL_FEATURE_SET"/>
        <Item2 ID="734469810654" Modes="Debug,Release" Value="-vn-h-"/>
      </SharedMatrixOptions>
    </BuildModes>
    <PublishOptions>
      <Version Value="2"/>
    </PublishOptions>
    <RunParams>
      <FormatVersion Value="2"/>
    </RunParams>
    <RequiredPackages Count="1">
      <Item1>
        <PackageName Value="LCL"/>
      </Item1>
    </RequiredPackages>
    <Units Count="14">
      <Unit0>
        <Filename Value="lclimager.lpr"/>
        <IsPartOfProject Value="True"/>
        <UnitName Value="LCLImager"/>
      </Unit0>
      <Unit1>
        <Filename Value="mainunit.pas"/>
        <IsPartOfProject Value="True"/>
        <ComponentName Value="MainForm"/>
        <HasResources Value="True"/>
        <ResourceBaseClass Value="Form"/>
        <UnitName Value="MainUnit"/>
      </Unit1>
      <Unit2>
        <Filename Value="aboutunit.pas"/>
        <IsPartOfProject Value="True"/>
        <ComponentName Value="AboutForm"/>
        <HasResources Value="True"/>
        <ResourceBaseClass Value="Form"/>
        <UnitName Value="AboutUnit"/>
      </Unit2>
      <Unit3>
        <Filename Value="..\..\..\Source\Imaging.pas"/>
        <IsPartOfProject Value="True"/>
      </Unit3>
      <Unit4>
        <Filename Value="..\..\..\Source\ImagingComponents.pas"/>
        <IsPartOfProject Value="True"/>
      </Unit4>
      <Unit5>
        <Filename Value="..\..\..\Source\ImagingTypes.pas"/>
        <IsPartOfProject Value="True"/>
      </Unit5>
      <Unit6>
        <Filename Value="..\..\..\Source\ImagingCanvases.pas"/>
        <IsPartOfProject Value="True"/>
      </Unit6>
      <Unit7>
        <Filename Value="..\..\..\Source\ImagingClasses.pas"/>
        <IsPartOfProject Value="True"/>
      </Unit7>
      <Unit8>
        <Filename Value="..\..\..\Source\ImagingColors.pas"/>
        <IsPartOfProject Value="True"/>
      </Unit8>
      <Unit9>
        <Filename Value="..\..\..\Source\ImagingUtility.pas"/>
        <IsPartOfProject Value="True"/>
      </Unit9>
      <Unit10>
        <Filename Value="..\..\..\Source\ImagingFormats.pas"/>
        <IsPartOfProject Value="True"/>
      </Unit10>
      <Unit11>
        <Filename Value="..\..\..\Extensions\ImagingBinary.pas"/>
        <IsPartOfProject Value="True"/>
      </Unit11>
      <Unit12>
        <Filename Value="..\..\..\Extensions\ImagingCompare.pas"/>
        <IsPartOfProject Value="True"/>
      </Unit12>
      <Unit13>
        <Filename Value="..\..\..\Extensions\ImagingExtFileFormats.pas"/>
        <IsPartOfProject Value="True"/>
      </Unit13>
    </Units>
  </ProjectOptions>
  <CompilerOptions>
    <Version Value="11"/>
    <PathDelim Value="\"/>
    <Target>
      <Filename Value="..\..\Bin\LCLImager"/>
    </Target>
    <SearchPaths>
      <IncludeFiles Value="..\..\..\Source;$(ProjOutDir)"/>
      <Libraries Value="..\..\..\Extensions\J2KObjects;..\..\..\Extensions\LibTiff\Compiled"/>
      <OtherUnitFiles Value="..\..\..\Source;..\..\..\Source\ZLib;..\..\..\Source\JpegLib;..\..\..\Extensions;..\..\..\Extensions\LibTiff;..\Common"/>
      <UnitOutputDirectory Value="..\..\Bin\Dcu\$(TargetCPU)-$(TargetOS)\$NameOnly($(ProjFile))\$(BuildMode)"/>
    </SearchPaths>
    <Parsing>
      <SyntaxOptions>
        <IncludeAssertionCode Value="True"/>
      </SyntaxOptions>
    </Parsing>
    <CodeGeneration>
      <Checks>
        <IOChecks Value="True"/>
        <RangeChecks Value="True"/>
        <OverflowChecks Value="True"/>
        <StackChecks Value="True"/>
      </Checks>
      <VerifyObjMethodCallValidity Value="True"/>
      <Optimizations>
        <OptimizationLevel Value="0"/>
      </Optimizations>
    </CodeGeneration>
    <Linking>
      <Debugging>
        <DebugInfoType Value="dsDwarf2Set"/>
        <UseHeaptrc Value="True"/>
        <TrashVariables Value="True"/>
        <UseExternalDbgSyms Value="True"/>
      </Debugging>
      <Options>
        <Win32>
          <GraphicApplication Value="True"/>
        </Win32>
      </Options>
    </Linking>
  </CompilerOptions>
  <Debugging>
    <Exceptions Count="3">
      <Item1>
        <Name Value="EAbort"/>
      </Item1>
      <Item2>
        <Name Value="ECodetoolError"/>
      </Item2>
      <Item3>
        <Name Value="EFOpenError"/>
      </Item3>
    </Exceptions>
  </Debugging>
</CONFIG>
